// !$*UTF8*$!
{
	archiveVersion = 1;
	classes = {
	};
	objectVersion = 56;
	objects = {

/* Begin PBXBuildFile section */
		FF0ABB572B1FEAE100166A78 /* AppDelegate.swift in Sources */ = {isa = PBXBuildFile; fileRef = FF0ABB562B1FEAE100166A78 /* AppDelegate.swift */; };
		FF0ABB592B1FEAE100166A78 /* SceneDelegate.swift in Sources */ = {isa = PBXBuildFile; fileRef = FF0ABB582B1FEAE100166A78 /* SceneDelegate.swift */; };
		FF0ABB5B2B1FEAE100166A78 /* WelcomeViewController.swift in Sources */ = {isa = PBXBuildFile; fileRef = FF0ABB5A2B1FEAE100166A78 /* WelcomeViewController.swift */; };
		FF0ABB602B1FEAE300166A78 /* Assets.xcassets in Resources */ = {isa = PBXBuildFile; fileRef = FF0ABB5F2B1FEAE300166A78 /* Assets.xcassets */; };
		FF0ABB632B1FEAE300166A78 /* LaunchScreen.storyboard in Resources */ = {isa = PBXBuildFile; fileRef = FF0ABB612B1FEAE300166A78 /* LaunchScreen.storyboard */; };
		FF0ABB712B21205A00166A78 /* Color+Extension.swift in Sources */ = {isa = PBXBuildFile; fileRef = FF0ABB702B21205A00166A78 /* Color+Extension.swift */; };
		FF0ABB732B21207000166A78 /* AppRouter.swift in Sources */ = {isa = PBXBuildFile; fileRef = FF0ABB722B21207000166A78 /* AppRouter.swift */; };
		FF0ABB752B21234A00166A78 /* Images.swift in Sources */ = {isa = PBXBuildFile; fileRef = FF0ABB742B21234A00166A78 /* Images.swift */; };
		FF0ABB772B2123CC00166A78 /* UIView+Extension.swift in Sources */ = {isa = PBXBuildFile; fileRef = FF0ABB762B2123CC00166A78 /* UIView+Extension.swift */; };
		FF0ABB792B228D0C00166A78 /* WelcomeView.swift in Sources */ = {isa = PBXBuildFile; fileRef = FF0ABB782B228D0C00166A78 /* WelcomeView.swift */; };
		FF37085A2B22BB0A00948B88 /* CategoriesViewController.swift in Sources */ = {isa = PBXBuildFile; fileRef = FF3708592B22BB0A00948B88 /* CategoriesViewController.swift */; };
		FF37085C2B22BF0300948B88 /* CategoriesView.swift in Sources */ = {isa = PBXBuildFile; fileRef = FF37085B2B22BF0300948B88 /* CategoriesView.swift */; };
		FF8677822B338D6700BAA99B /* CategoryCardModel.swift in Sources */ = {isa = PBXBuildFile; fileRef = FF8677812B338D6700BAA99B /* CategoryCardModel.swift */; };
		FF8677852B338F3C00BAA99B /* CategoryCardCell.swift in Sources */ = {isa = PBXBuildFile; fileRef = FF8677842B338F3C00BAA99B /* CategoryCardCell.swift */; };
		FF8677872B339D6400BAA99B /* CategoriesViewModel.swift in Sources */ = {isa = PBXBuildFile; fileRef = FF8677862B339D6400BAA99B /* CategoriesViewModel.swift */; };
/* End PBXBuildFile section */

/* Begin PBXFileReference section */
		FF0ABB532B1FEAE100166A78 /* GroceriesAppUIKit.app */ = {isa = PBXFileReference; explicitFileType = wrapper.application; includeInIndex = 0; path = GroceriesAppUIKit.app; sourceTree = BUILT_PRODUCTS_DIR; };
		FF0ABB562B1FEAE100166A78 /* AppDelegate.swift */ = {isa = PBXFileReference; lastKnownFileType = sourcecode.swift; path = AppDelegate.swift; sourceTree = "<group>"; };
		FF0ABB582B1FEAE100166A78 /* SceneDelegate.swift */ = {isa = PBXFileReference; lastKnownFileType = sourcecode.swift; path = SceneDelegate.swift; sourceTree = "<group>"; };
		FF0ABB5A2B1FEAE100166A78 /* WelcomeViewController.swift */ = {isa = PBXFileReference; lastKnownFileType = sourcecode.swift; path = WelcomeViewController.swift; sourceTree = "<group>"; };
		FF0ABB5F2B1FEAE300166A78 /* Assets.xcassets */ = {isa = PBXFileReference; lastKnownFileType = folder.assetcatalog; path = Assets.xcassets; sourceTree = "<group>"; };
		FF0ABB622B1FEAE300166A78 /* Base */ = {isa = PBXFileReference; lastKnownFileType = file.storyboard; name = Base; path = Base.lproj/LaunchScreen.storyboard; sourceTree = "<group>"; };
		FF0ABB642B1FEAE300166A78 /* Info.plist */ = {isa = PBXFileReference; lastKnownFileType = text.plist.xml; path = Info.plist; sourceTree = "<group>"; };
		FF0ABB702B21205A00166A78 /* Color+Extension.swift */ = {isa = PBXFileReference; lastKnownFileType = sourcecode.swift; path = "Color+Extension.swift"; sourceTree = "<group>"; };
		FF0ABB722B21207000166A78 /* AppRouter.swift */ = {isa = PBXFileReference; lastKnownFileType = sourcecode.swift; path = AppRouter.swift; sourceTree = "<group>"; };
		FF0ABB742B21234A00166A78 /* Images.swift */ = {isa = PBXFileReference; lastKnownFileType = sourcecode.swift; path = Images.swift; sourceTree = "<group>"; };
		FF0ABB762B2123CC00166A78 /* UIView+Extension.swift */ = {isa = PBXFileReference; lastKnownFileType = sourcecode.swift; path = "UIView+Extension.swift"; sourceTree = "<group>"; };
		FF0ABB782B228D0C00166A78 /* WelcomeView.swift */ = {isa = PBXFileReference; lastKnownFileType = sourcecode.swift; path = WelcomeView.swift; sourceTree = "<group>"; };
		FF3708592B22BB0A00948B88 /* CategoriesViewController.swift */ = {isa = PBXFileReference; lastKnownFileType = sourcecode.swift; path = CategoriesViewController.swift; sourceTree = "<group>"; };
		FF37085B2B22BF0300948B88 /* CategoriesView.swift */ = {isa = PBXFileReference; lastKnownFileType = sourcecode.swift; path = CategoriesView.swift; sourceTree = "<group>"; };
		FF8677812B338D6700BAA99B /* CategoryCardModel.swift */ = {isa = PBXFileReference; lastKnownFileType = sourcecode.swift; path = CategoryCardModel.swift; sourceTree = "<group>"; };
		FF8677842B338F3C00BAA99B /* CategoryCardCell.swift */ = {isa = PBXFileReference; lastKnownFileType = sourcecode.swift; path = CategoryCardCell.swift; sourceTree = "<group>"; };
		FF8677862B339D6400BAA99B /* CategoriesViewModel.swift */ = {isa = PBXFileReference; lastKnownFileType = sourcecode.swift; path = CategoriesViewModel.swift; sourceTree = "<group>"; };
/* End PBXFileReference section */

/* Begin PBXFrameworksBuildPhase section */
		FF0ABB502B1FEAE100166A78 /* Frameworks */ = {
			isa = PBXFrameworksBuildPhase;
			buildActionMask = 2147483647;
			files = (
			);
			runOnlyForDeploymentPostprocessing = 0;
		};
/* End PBXFrameworksBuildPhase section */

/* Begin PBXGroup section */
		FF0ABB4A2B1FEAE100166A78 = {
			isa = PBXGroup;
			children = (
				FF0ABB552B1FEAE100166A78 /* GroceriesAppUIKit */,
				FF0ABB542B1FEAE100166A78 /* Products */,
			);
			sourceTree = "<group>";
		};
		FF0ABB542B1FEAE100166A78 /* Products */ = {
			isa = PBXGroup;
			children = (
				FF0ABB532B1FEAE100166A78 /* GroceriesAppUIKit.app */,
			);
			name = Products;
			sourceTree = "<group>";
		};
		FF0ABB552B1FEAE100166A78 /* GroceriesAppUIKit */ = {
			isa = PBXGroup;
			children = (
				FF0ABB6F2B21202900166A78 /* Helpers */,
				FF0ABB6E2B21201B00166A78 /* Router */,
				FF0ABB6D2B1FEB6400166A78 /* Model */,
				FF0ABB6B2B1FEB5900166A78 /* View */,
				FF0ABB6A2B1FEB5000166A78 /* ViewModel */,
				FF0ABB562B1FEAE100166A78 /* AppDelegate.swift */,
				FF0ABB582B1FEAE100166A78 /* SceneDelegate.swift */,
				FF0ABB5F2B1FEAE300166A78 /* Assets.xcassets */,
				FF0ABB612B1FEAE300166A78 /* LaunchScreen.storyboard */,
				FF0ABB642B1FEAE300166A78 /* Info.plist */,
			);
			path = GroceriesAppUIKit;
			sourceTree = "<group>";
		};
		FF0ABB6A2B1FEB5000166A78 /* ViewModel */ = {
			isa = PBXGroup;
			children = (
				FF8677862B339D6400BAA99B /* CategoriesViewModel.swift */,
			);
			path = ViewModel;
			sourceTree = "<group>";
		};
		FF0ABB6B2B1FEB5900166A78 /* View */ = {
			isa = PBXGroup;
			children = (
				FF0ABB782B228D0C00166A78 /* WelcomeView.swift */,
				FF0ABB6C2B1FEB5D00166A78 /* Controllers */,
				FF37085B2B22BF0300948B88 /* CategoriesView.swift */,
			);
			path = View;
			sourceTree = "<group>";
		};
		FF0ABB6C2B1FEB5D00166A78 /* Controllers */ = {
			isa = PBXGroup;
			children = (
				FF8677832B338F2400BAA99B /* Cell */,
				FF0ABB5A2B1FEAE100166A78 /* WelcomeViewController.swift */,
				FF3708592B22BB0A00948B88 /* CategoriesViewController.swift */,
			);
			path = Controllers;
			sourceTree = "<group>";
		};
		FF0ABB6D2B1FEB6400166A78 /* Model */ = {
			isa = PBXGroup;
			children = (
				FF8677812B338D6700BAA99B /* CategoryCardModel.swift */,
			);
			path = Model;
			sourceTree = "<group>";
		};
		FF0ABB6E2B21201B00166A78 /* Router */ = {
			isa = PBXGroup;
			children = (
				FF0ABB722B21207000166A78 /* AppRouter.swift */,
			);
			path = Router;
			sourceTree = "<group>";
		};
		FF0ABB6F2B21202900166A78 /* Helpers */ = {
			isa = PBXGroup;
			children = (
				FF0ABB702B21205A00166A78 /* Color+Extension.swift */,
				FF0ABB742B21234A00166A78 /* Images.swift */,
				FF0ABB762B2123CC00166A78 /* UIView+Extension.swift */,
			);
			path = Helpers;
			sourceTree = "<group>";
		};
		FF8677832B338F2400BAA99B /* Cell */ = {
			isa = PBXGroup;
			children = (
				FF8677842B338F3C00BAA99B /* CategoryCardCell.swift */,
			);
			path = Cell;
			sourceTree = "<group>";
		};
/* End PBXGroup section */

/* Begin PBXNativeTarget section */
		FF0ABB522B1FEAE100166A78 /* GroceriesAppUIKit */ = {
			isa = PBXNativeTarget;
			buildConfigurationList = FF0ABB672B1FEAE300166A78 /* Build configuration list for PBXNativeTarget "GroceriesAppUIKit" */;
			buildPhases = (
				FF0ABB4F2B1FEAE100166A78 /* Sources */,
				FF0ABB502B1FEAE100166A78 /* Frameworks */,
				FF0ABB512B1FEAE100166A78 /* Resources */,
			);
			buildRules = (
			);
			dependencies = (
			);
			name = GroceriesAppUIKit;
			productName = GroceriesAppUIKit;
			productReference = FF0ABB532B1FEAE100166A78 /* GroceriesAppUIKit.app */;
			productType = "com.apple.product-type.application";
		};
/* End PBXNativeTarget section */

/* Begin PBXProject section */
		FF0ABB4B2B1FEAE100166A78 /* Project object */ = {
			isa = PBXProject;
			attributes = {
				BuildIndependentTargetsInParallel = 1;
				LastSwiftUpdateCheck = 1430;
				LastUpgradeCheck = 1430;
				TargetAttributes = {
					FF0ABB522B1FEAE100166A78 = {
						CreatedOnToolsVersion = 14.3.1;
					};
				};
			};
			buildConfigurationList = FF0ABB4E2B1FEAE100166A78 /* Build configuration list for PBXProject "GroceriesAppUIKit" */;
			compatibilityVersion = "Xcode 14.0";
			developmentRegion = en;
			hasScannedForEncodings = 0;
			knownRegions = (
				en,
				Base,
			);
			mainGroup = FF0ABB4A2B1FEAE100166A78;
			productRefGroup = FF0ABB542B1FEAE100166A78 /* Products */;
			projectDirPath = "";
			projectRoot = "";
			targets = (
				FF0ABB522B1FEAE100166A78 /* GroceriesAppUIKit */,
			);
		};
/* End PBXProject section */

/* Begin PBXResourcesBuildPhase section */
		FF0ABB512B1FEAE100166A78 /* Resources */ = {
			isa = PBXResourcesBuildPhase;
			buildActionMask = 2147483647;
			files = (
				FF0ABB632B1FEAE300166A78 /* LaunchScreen.storyboard in Resources */,
				FF0ABB602B1FEAE300166A78 /* Assets.xcassets in Resources */,
			);
			runOnlyForDeploymentPostprocessing = 0;
		};
/* End PBXResourcesBuildPhase section */

/* Begin PBXSourcesBuildPhase section */
		FF0ABB4F2B1FEAE100166A78 /* Sources */ = {
			isa = PBXSourcesBuildPhase;
			buildActionMask = 2147483647;
			files = (
				FF0ABB5B2B1FEAE100166A78 /* WelcomeViewController.swift in Sources */,
				FF8677852B338F3C00BAA99B /* CategoryCardCell.swift in Sources */,
				FF0ABB772B2123CC00166A78 /* UIView+Extension.swift in Sources */,
				FF37085A2B22BB0A00948B88 /* CategoriesViewController.swift in Sources */,
				FF0ABB752B21234A00166A78 /* Images.swift in Sources */,
				FF0ABB792B228D0C00166A78 /* WelcomeView.swift in Sources */,
				FF0ABB572B1FEAE100166A78 /* AppDelegate.swift in Sources */,
				FF8677822B338D6700BAA99B /* CategoryCardModel.swift in Sources */,
				FF0ABB732B21207000166A78 /* AppRouter.swift in Sources */,
				FF8677872B339D6400BAA99B /* CategoriesViewModel.swift in Sources */,
				FF0ABB592B1FEAE100166A78 /* SceneDelegate.swift in Sources */,
				FF37085C2B22BF0300948B88 /* CategoriesView.swift in Sources */,
				FF0ABB712B21205A00166A78 /* Color+Extension.swift in Sources */,
			);
			runOnlyForDeploymentPostprocessing = 0;
		};
/* End PBXSourcesBuildPhase section */

/* Begin PBXVariantGroup section */
		FF0ABB612B1FEAE300166A78 /* LaunchScreen.storyboard */ = {
			isa = PBXVariantGroup;
			children = (
				FF0ABB622B1FEAE300166A78 /* Base */,
			);
			name = LaunchScreen.storyboard;
			sourceTree = "<group>";
		};
/* End PBXVariantGroup section */

/* Begin XCBuildConfiguration section */
		FF0ABB652B1FEAE300166A78 /* Debug */ = {
			isa = XCBuildConfiguration;
			buildSettings = {
				ALWAYS_SEARCH_USER_PATHS = NO;
				CLANG_ANALYZER_NONNULL = YES;
				CLANG_ANALYZER_NUMBER_OBJECT_CONVERSION = YES_AGGRESSIVE;
				CLANG_CXX_LANGUAGE_STANDARD = "gnu++20";
				CLANG_ENABLE_MODULES = YES;
				CLANG_ENABLE_OBJC_ARC = YES;
				CLANG_ENABLE_OBJC_WEAK = YES;
				CLANG_WARN_BLOCK_CAPTURE_AUTORELEASING = YES;
				CLANG_WARN_BOOL_CONVERSION = YES;
				CLANG_WARN_COMMA = YES;
				CLANG_WARN_CONSTANT_CONVERSION = YES;
				CLANG_WARN_DEPRECATED_OBJC_IMPLEMENTATIONS = YES;
				CLANG_WARN_DIRECT_OBJC_ISA_USAGE = YES_ERROR;
				CLANG_WARN_DOCUMENTATION_COMMENTS = YES;
				CLANG_WARN_EMPTY_BODY = YES;
				CLANG_WARN_ENUM_CONVERSION = YES;
				CLANG_WARN_INFINITE_RECURSION = YES;
				CLANG_WARN_INT_CONVERSION = YES;
				CLANG_WARN_NON_LITERAL_NULL_CONVERSION = YES;
				CLANG_WARN_OBJC_IMPLICIT_RETAIN_SELF = YES;
				CLANG_WARN_OBJC_LITERAL_CONVERSION = YES;
				CLANG_WARN_OBJC_ROOT_CLASS = YES_ERROR;
				CLANG_WARN_QUOTED_INCLUDE_IN_FRAMEWORK_HEADER = YES;
				CLANG_WARN_RANGE_LOOP_ANALYSIS = YES;
				CLANG_WARN_STRICT_PROTOTYPES = YES;
				CLANG_WARN_SUSPICIOUS_MOVE = YES;
				CLANG_WARN_UNGUARDED_AVAILABILITY = YES_AGGRESSIVE;
				CLANG_WARN_UNREACHABLE_CODE = YES;
				CLANG_WARN__DUPLICATE_METHOD_MATCH = YES;
				COPY_PHASE_STRIP = NO;
				DEBUG_INFORMATION_FORMAT = dwarf;
				ENABLE_STRICT_OBJC_MSGSEND = YES;
				ENABLE_TESTABILITY = YES;
				GCC_C_LANGUAGE_STANDARD = gnu11;
				GCC_DYNAMIC_NO_PIC = NO;
				GCC_NO_COMMON_BLOCKS = YES;
				GCC_OPTIMIZATION_LEVEL = 0;
				GCC_PREPROCESSOR_DEFINITIONS = (
					"DEBUG=1",
					"$(inherited)",
				);
				GCC_WARN_64_TO_32_BIT_CONVERSION = YES;
				GCC_WARN_ABOUT_RETURN_TYPE = YES_ERROR;
				GCC_WARN_UNDECLARED_SELECTOR = YES;
				GCC_WARN_UNINITIALIZED_AUTOS = YES_AGGRESSIVE;
				GCC_WARN_UNUSED_FUNCTION = YES;
				GCC_WARN_UNUSED_VARIABLE = YES;
				IPHONEOS_DEPLOYMENT_TARGET = 16.4;
				MTL_ENABLE_DEBUG_INFO = INCLUDE_SOURCE;
				MTL_FAST_MATH = YES;
				ONLY_ACTIVE_ARCH = YES;
				SDKROOT = iphoneos;
				SWIFT_ACTIVE_COMPILATION_CONDITIONS = DEBUG;
				SWIFT_OPTIMIZATION_LEVEL = "-Onone";
			};
			name = Debug;
		};
		FF0ABB662B1FEAE300166A78 /* Release */ = {
			isa = XCBuildConfiguration;
			buildSettings = {
				ALWAYS_SEARCH_USER_PATHS = NO;
				CLANG_ANALYZER_NONNULL = YES;
				CLANG_ANALYZER_NUMBER_OBJECT_CONVERSION = YES_AGGRESSIVE;
				CLANG_CXX_LANGUAGE_STANDARD = "gnu++20";
				CLANG_ENABLE_MODULES = YES;
				CLANG_ENABLE_OBJC_ARC = YES;
				CLANG_ENABLE_OBJC_WEAK = YES;
				CLANG_WARN_BLOCK_CAPTURE_AUTORELEASING = YES;
				CLANG_WARN_BOOL_CONVERSION = YES;
				CLANG_WARN_COMMA = YES;
				CLANG_WARN_CONSTANT_CONVERSION = YES;
				CLANG_WARN_DEPRECATED_OBJC_IMPLEMENTATIONS = YES;
				CLANG_WARN_DIRECT_OBJC_ISA_USAGE = YES_ERROR;
				CLANG_WARN_DOCUMENTATION_COMMENTS = YES;
				CLANG_WARN_EMPTY_BODY = YES;
				CLANG_WARN_ENUM_CONVERSION = YES;
				CLANG_WARN_INFINITE_RECURSION = YES;
				CLANG_WARN_INT_CONVERSION = YES;
				CLANG_WARN_NON_LITERAL_NULL_CONVERSION = YES;
				CLANG_WARN_OBJC_IMPLICIT_RETAIN_SELF = YES;
				CLANG_WARN_OBJC_LITERAL_CONVERSION = YES;
				CLANG_WARN_OBJC_ROOT_CLASS = YES_ERROR;
				CLANG_WARN_QUOTED_INCLUDE_IN_FRAMEWORK_HEADER = YES;
				CLANG_WARN_RANGE_LOOP_ANALYSIS = YES;
				CLANG_WARN_STRICT_PROTOTYPES = YES;
				CLANG_WARN_SUSPICIOUS_MOVE = YES;
				CLANG_WARN_UNGUARDED_AVAILABILITY = YES_AGGRESSIVE;
				CLANG_WARN_UNREACHABLE_CODE = YES;
				CLANG_WARN__DUPLICATE_METHOD_MATCH = YES;
				COPY_PHASE_STRIP = NO;
				DEBUG_INFORMATION_FORMAT = "dwarf-with-dsym";
				ENABLE_NS_ASSERTIONS = NO;
				ENABLE_STRICT_OBJC_MSGSEND = YES;
				GCC_C_LANGUAGE_STANDARD = gnu11;
				GCC_NO_COMMON_BLOCKS = YES;
				GCC_WARN_64_TO_32_BIT_CONVERSION = YES;
				GCC_WARN_ABOUT_RETURN_TYPE = YES_ERROR;
				GCC_WARN_UNDECLARED_SELECTOR = YES;
				GCC_WARN_UNINITIALIZED_AUTOS = YES_AGGRESSIVE;
				GCC_WARN_UNUSED_FUNCTION = YES;
				GCC_WARN_UNUSED_VARIABLE = YES;
				IPHONEOS_DEPLOYMENT_TARGET = 16.4;
				MTL_ENABLE_DEBUG_INFO = NO;
				MTL_FAST_MATH = YES;
				SDKROOT = iphoneos;
				SWIFT_COMPILATION_MODE = wholemodule;
				SWIFT_OPTIMIZATION_LEVEL = "-O";
				VALIDATE_PRODUCT = YES;
			};
			name = Release;
		};
		FF0ABB682B1FEAE300166A78 /* Debug */ = {
			isa = XCBuildConfiguration;
			buildSettings = {
				ASSETCATALOG_COMPILER_APPICON_NAME = AppIcon;
				ASSETCATALOG_COMPILER_GLOBAL_ACCENT_COLOR_NAME = AccentColor;
				CODE_SIGN_STYLE = Automatic;
				CURRENT_PROJECT_VERSION = 1;
				DEVELOPMENT_TEAM = D23NK3BZLQ;
				GENERATE_INFOPLIST_FILE = YES;
				INFOPLIST_FILE = GroceriesAppUIKit/Info.plist;
				INFOPLIST_KEY_UIApplicationSupportsIndirectInputEvents = YES;
				INFOPLIST_KEY_UILaunchStoryboardName = LaunchScreen;
				INFOPLIST_KEY_UIMainStoryboardFile = "";
				INFOPLIST_KEY_UISupportedInterfaceOrientations_iPad = "UIInterfaceOrientationPortrait UIInterfaceOrientationPortraitUpsideDown UIInterfaceOrientationLandscapeLeft UIInterfaceOrientationLandscapeRight";
				INFOPLIST_KEY_UISupportedInterfaceOrientations_iPhone = "UIInterfaceOrientationPortrait UIInterfaceOrientationLandscapeLeft UIInterfaceOrientationLandscapeRight";
				LD_RUNPATH_SEARCH_PATHS = (
					"$(inherited)",
					"@executable_path/Frameworks",
				);
				MARKETING_VERSION = 1.0;
				PRODUCT_BUNDLE_IDENTIFIER = com.paradiseDevelopers.GroceriesAppUIKit;
				PRODUCT_NAME = "$(TARGET_NAME)";
				SWIFT_EMIT_LOC_STRINGS = YES;
				SWIFT_VERSION = 5.0;
				TARGETED_DEVICE_FAMILY = "1,2";
			};
			name = Debug;
		};
		FF0ABB692B1FEAE300166A78 /* Release */ = {
			isa = XCBuildConfiguration;
			buildSettings = {
				ASSETCATALOG_COMPILER_APPICON_NAME = AppIcon;
				ASSETCATALOG_COMPILER_GLOBAL_ACCENT_COLOR_NAME = AccentColor;
				CODE_SIGN_STYLE = Automatic;
				CURRENT_PROJECT_VERSION = 1;
				DEVELOPMENT_TEAM = D23NK3BZLQ;
				GENERATE_INFOPLIST_FILE = YES;
				INFOPLIST_FILE = GroceriesAppUIKit/Info.plist;
				INFOPLIST_KEY_UIApplicationSupportsIndirectInputEvents = YES;
				INFOPLIST_KEY_UILaunchStoryboardName = LaunchScreen;
				INFOPLIST_KEY_UIMainStoryboardFile = "";
				INFOPLIST_KEY_UISupportedInterfaceOrientations_iPad = "UIInterfaceOrientationPortrait UIInterfaceOrientationPortraitUpsideDown UIInterfaceOrientationLandscapeLeft UIInterfaceOrientationLandscapeRight";
				INFOPLIST_KEY_UISupportedInterfaceOrientations_iPhone = "UIInterfaceOrientationPortrait UIInterfaceOrientationLandscapeLeft UIInterfaceOrientationLandscapeRight";
				LD_RUNPATH_SEARCH_PATHS = (
					"$(inherited)",
					"@executable_path/Frameworks",
				);
				MARKETING_VERSION = 1.0;
				PRODUCT_BUNDLE_IDENTIFIER = com.paradiseDevelopers.GroceriesAppUIKit;
				PRODUCT_NAME = "$(TARGET_NAME)";
				SWIFT_EMIT_LOC_STRINGS = YES;
				SWIFT_VERSION = 5.0;
				TARGETED_DEVICE_FAMILY = "1,2";
			};
			name = Release;
		};
/* End XCBuildConfiguration section */

/* Begin XCConfigurationList section */
		FF0ABB4E2B1FEAE100166A78 /* Build configuration list for PBXProject "GroceriesAppUIKit" */ = {
			isa = XCConfigurationList;
			buildConfigurations = (
				FF0ABB652B1FEAE300166A78 /* Debug */,
				FF0ABB662B1FEAE300166A78 /* Release */,
			);
			defaultConfigurationIsVisible = 0;
			defaultConfigurationName = Release;
		};
		FF0ABB672B1FEAE300166A78 /* Build configuration list for PBXNativeTarget "GroceriesAppUIKit" */ = {
			isa = XCConfigurationList;
			buildConfigurations = (
				FF0ABB682B1FEAE300166A78 /* Debug */,
				FF0ABB692B1FEAE300166A78 /* Release */,
			);
			defaultConfigurationIsVisible = 0;
			defaultConfigurationName = Release;
		};
/* End XCConfigurationList section */
	};
	rootObject = FF0ABB4B2B1FEAE100166A78 /* Project object */;
}
